
Microsoft Visual Studio Solution File, Format Version 11.00
# Visual Studio 2010
Project("{FAE04EC0-301F-11D3-BF4B-00C04F79EFBC}") = "OdeToFood", "OdeToFood\OdeToFood.csproj", "{1794215F-D761-4F49-AC9C-0A8B8DF5BD4E}"
EndProject
Project("{FAE04EC0-301F-11D3-BF4B-00C04F79EFBC}") = "OdeToFood.Tests", "OdeToFood.Tests\OdeToFood.Tests.csproj", "{DA9F0863-20D0-492C-8E40-A939051794E3}"
EndProject
Global
	GlobalSection(SolutionConfigurationPlatforms) = preSolution
		Debug|Any CPU = Debug|Any CPU
		Release|Any CPU = Release|Any CPU
	EndGlobalSection
	GlobalSection(ProjectConfigurationPlatforms) = postSolution
		{1794215F-D761-4F49-AC9C-0A8B8DF5BD4E}.Debug|Any CPU.ActiveCfg = Debug|Any CPU
		{1794215F-D761-4F49-AC9C-0A8B8DF5BD4E}.Debug|Any CPU.Build.0 = Debug|Any CPU
		{1794215F-D761-4F49-AC9C-0A8B8DF5BD4E}.Release|Any CPU.ActiveCfg = Release|Any CPU
		{1794215F-D761-4F49-AC9C-0A8B8DF5BD4E}.Release|Any CPU.Build.0 = Release|Any CPU
		{DA9F0863-20D0-492C-8E40-A939051794E3}.Debug|Any CPU.ActiveCfg = Debug|Any CPU
		{DA9F0863-20D0-492C-8E40-A939051794E3}.Debug|Any CPU.Build.0 = Debug|Any CPU
		{DA9F0863-20D0-492C-8E40-A939051794E3}.Release|Any CPU.ActiveCfg = Release|Any CPU
		{DA9F0863-20D0-492C-8E40-A939051794E3}.Release|Any CPU.Build.0 = Release|Any CPU
	EndGlobalSection
	GlobalSection(SolutionProperties) = preSolution
		HideSolutionNode = FALSE
	EndGlobalSection
EndGlobal
