
Microsoft Visual Studio Solution File, Format Version 11.00
# Visual Studio 2010
Project("{E24C65DC-7377-472B-9ABA-BC803B73C61A}") = "Websites", "..\..\..\..\Websites\", "{E638C3EC-A46A-45C7-B03D-05AE50CAC21D}"
	ProjectSection(WebsiteProperties) = preProject
		TargetFrameworkMoniker = ".NETFramework,Version%3Dv3.5"
		Debug.AspNetCompiler.VirtualPath = "/Websites"
		Debug.AspNetCompiler.PhysicalPath = "..\..\..\..\Websites\"
		Debug.AspNetCompiler.TargetPath = "PrecompiledWeb\Websites\"
		Debug.AspNetCompiler.Updateable = "true"
		Debug.AspNetCompiler.ForceOverwrite = "true"
		Debug.AspNetCompiler.FixedNames = "false"
		Debug.AspNetCompiler.Debug = "True"
		Release.AspNetCompiler.VirtualPath = "/Websites"
		Release.AspNetCompiler.PhysicalPath = "..\..\..\..\Websites\"
		Release.AspNetCompiler.TargetPath = "PrecompiledWeb\Websites\"
		Release.AspNetCompiler.Updateable = "true"
		Release.AspNetCompiler.ForceOverwrite = "true"
		Release.AspNetCompiler.FixedNames = "false"
		Release.AspNetCompiler.Debug = "False"
		VWDPort = "1259"
		DefaultWebSiteLanguage = "Visual Basic"
	EndProjectSection
EndProject
Global
	GlobalSection(SolutionConfigurationPlatforms) = preSolution
		Debug|Any CPU = Debug|Any CPU
	EndGlobalSection
	GlobalSection(ProjectConfigurationPlatforms) = postSolution
		{E638C3EC-A46A-45C7-B03D-05AE50CAC21D}.Debug|Any CPU.ActiveCfg = Debug|Any CPU
		{E638C3EC-A46A-45C7-B03D-05AE50CAC21D}.Debug|Any CPU.Build.0 = Debug|Any CPU
	EndGlobalSection
	GlobalSection(SolutionProperties) = preSolution
		HideSolutionNode = FALSE
	EndGlobalSection
EndGlobal
